// !$*UTF8*$!
{
	archiveVersion = 1;
	classes = {
	};
	objectVersion = 50;
	objects = {

/* Begin PBXBuildFile section */
		8E541047277EB46D0034947D /* Tests_iOS.swift in Sources */ = {isa = PBXBuildFile; fileRef = 8E541046277EB46D0034947D /* Tests_iOS.swift */; };
		8E541052277EB46D0034947D /* Tests_macOS.swift in Sources */ = {isa = PBXBuildFile; fileRef = 8E541051277EB46D0034947D /* Tests_macOS.swift */; };
		8E541054277EB46D0034947D /* LandmarksApp.swift in Sources */ = {isa = PBXBuildFile; fileRef = 8E54102B277EB46C0034947D /* LandmarksApp.swift */; };
		8E541055277EB46D0034947D /* LandmarksApp.swift in Sources */ = {isa = PBXBuildFile; fileRef = 8E54102B277EB46C0034947D /* LandmarksApp.swift */; };
		8E541056277EB46D0034947D /* ContentView.swift in Sources */ = {isa = PBXBuildFile; fileRef = 8E54102C277EB46C0034947D /* ContentView.swift */; };
		8E541057277EB46D0034947D /* ContentView.swift in Sources */ = {isa = PBXBuildFile; fileRef = 8E54102C277EB46C0034947D /* ContentView.swift */; };
		8E541058277EB46D0034947D /* Assets.xcassets in Resources */ = {isa = PBXBuildFile; fileRef = 8E54102D277EB46D0034947D /* Assets.xcassets */; };
		8E541059277EB46D0034947D /* Assets.xcassets in Resources */ = {isa = PBXBuildFile; fileRef = 8E54102D277EB46D0034947D /* Assets.xcassets */; };
		8E541124277EC28A0034947D /* charleyrivers.jpg in Resources */ = {isa = PBXBuildFile; fileRef = 8E541116277EC28A0034947D /* charleyrivers.jpg */; };
		8E541125277EC28A0034947D /* turtlerock.jpg in Resources */ = {isa = PBXBuildFile; fileRef = 8E541117277EC28A0034947D /* turtlerock.jpg */; };
		8E541126277EC28A0034947D /* silversalmoncreek.jpg in Resources */ = {isa = PBXBuildFile; fileRef = 8E541118277EC28A0034947D /* silversalmoncreek.jpg */; };
		8E541127277EC28A0034947D /* hikeData.json in Resources */ = {isa = PBXBuildFile; fileRef = 8E541119277EC28A0034947D /* hikeData.json */; };
		8E541128277EC28A0034947D /* icybay.jpg in Resources */ = {isa = PBXBuildFile; fileRef = 8E54111A277EC28A0034947D /* icybay.jpg */; };
		8E541129277EC28A0034947D /* lakemcdonald.jpg in Resources */ = {isa = PBXBuildFile; fileRef = 8E54111B277EC28A0034947D /* lakemcdonald.jpg */; };
		8E54112A277EC28A0034947D /* hiddenlake.jpg in Resources */ = {isa = PBXBuildFile; fileRef = 8E54111C277EC28A0034947D /* hiddenlake.jpg */; };
		8E54112B277EC28A0034947D /* twinlake.jpg in Resources */ = {isa = PBXBuildFile; fileRef = 8E54111D277EC28A0034947D /* twinlake.jpg */; };
		8E54112C277EC28A0034947D /* umbagog.jpg in Resources */ = {isa = PBXBuildFile; fileRef = 8E54111E277EC28A0034947D /* umbagog.jpg */; };
		8E54112D277EC28A0034947D /* landmarkData.json in Resources */ = {isa = PBXBuildFile; fileRef = 8E54111F277EC28A0034947D /* landmarkData.json */; };
		8E54112E277EC28A0034947D /* chincoteague.jpg in Resources */ = {isa = PBXBuildFile; fileRef = 8E541120277EC28A0034947D /* chincoteague.jpg */; };
		8E54112F277EC28A0034947D /* stmarylake.jpg in Resources */ = {isa = PBXBuildFile; fileRef = 8E541121277EC28A0034947D /* stmarylake.jpg */; };
		8E541130277EC28A0034947D /* chilkoottrail.jpg in Resources */ = {isa = PBXBuildFile; fileRef = 8E541122277EC28A0034947D /* chilkoottrail.jpg */; };
		8E541131277EC28A0034947D /* rainbowlake.jpg in Resources */ = {isa = PBXBuildFile; fileRef = 8E541123277EC28A0034947D /* rainbowlake.jpg */; };
		8E541133277EC2F50034947D /* CircleImage.swift in Sources */ = {isa = PBXBuildFile; fileRef = 8E541132277EC2F50034947D /* CircleImage.swift */; };
		8E541134277EC6030034947D /* CircleImage.swift in Sources */ = {isa = PBXBuildFile; fileRef = 8E541132277EC2F50034947D /* CircleImage.swift */; };
		8E541136277EC70A0034947D /* MapView.swift in Sources */ = {isa = PBXBuildFile; fileRef = 8E541135277EC70A0034947D /* MapView.swift */; };
		8E541137277EC70A0034947D /* MapView.swift in Sources */ = {isa = PBXBuildFile; fileRef = 8E541135277EC70A0034947D /* MapView.swift */; };
/* End PBXBuildFile section */

/* Begin PBXContainerItemProxy section */
		8E541043277EB46D0034947D /* PBXContainerItemProxy */ = {
			isa = PBXContainerItemProxy;
			containerPortal = 8E541026277EB46C0034947D /* Project object */;
			proxyType = 1;
			remoteGlobalIDString = 8E541031277EB46D0034947D;
			remoteInfo = "Landmarks (iOS)";
		};
		8E54104E277EB46D0034947D /* PBXContainerItemProxy */ = {
			isa = PBXContainerItemProxy;
			containerPortal = 8E541026277EB46C0034947D /* Project object */;
			proxyType = 1;
			remoteGlobalIDString = 8E541039277EB46D0034947D;
			remoteInfo = "Landmarks (macOS)";
		};
/* End PBXContainerItemProxy section */

/* Begin PBXFileReference section */
		8E54102B277EB46C0034947D /* LandmarksApp.swift */ = {isa = PBXFileReference; lastKnownFileType = sourcecode.swift; path = LandmarksApp.swift; sourceTree = "<group>"; };
		8E54102C277EB46C0034947D /* ContentView.swift */ = {isa = PBXFileReference; lastKnownFileType = sourcecode.swift; path = ContentView.swift; sourceTree = "<group>"; };
		8E54102D277EB46D0034947D /* Assets.xcassets */ = {isa = PBXFileReference; lastKnownFileType = folder.assetcatalog; path = Assets.xcassets; sourceTree = "<group>"; };
		8E541032277EB46D0034947D /* Landmarks.app */ = {isa = PBXFileReference; explicitFileType = wrapper.application; includeInIndex = 0; path = Landmarks.app; sourceTree = BUILT_PRODUCTS_DIR; };
		8E541035277EB46D0034947D /* Info.plist */ = {isa = PBXFileReference; lastKnownFileType = text.plist.xml; path = Info.plist; sourceTree = "<group>"; };
		8E54103A277EB46D0034947D /* Landmarks.app */ = {isa = PBXFileReference; explicitFileType = wrapper.application; includeInIndex = 0; path = Landmarks.app; sourceTree = BUILT_PRODUCTS_DIR; };
		8E54103C277EB46D0034947D /* Info.plist */ = {isa = PBXFileReference; lastKnownFileType = text.plist.xml; path = Info.plist; sourceTree = "<group>"; };
		8E54103D277EB46D0034947D /* macOS.entitlements */ = {isa = PBXFileReference; lastKnownFileType = text.plist.entitlements; path = macOS.entitlements; sourceTree = "<group>"; };
		8E541042277EB46D0034947D /* Tests iOS.xctest */ = {isa = PBXFileReference; explicitFileType = wrapper.cfbundle; includeInIndex = 0; path = "Tests iOS.xctest"; sourceTree = BUILT_PRODUCTS_DIR; };
		8E541046277EB46D0034947D /* Tests_iOS.swift */ = {isa = PBXFileReference; lastKnownFileType = sourcecode.swift; path = Tests_iOS.swift; sourceTree = "<group>"; };
		8E541048277EB46D0034947D /* Info.plist */ = {isa = PBXFileReference; lastKnownFileType = text.plist.xml; path = Info.plist; sourceTree = "<group>"; };
		8E54104D277EB46D0034947D /* Tests macOS.xctest */ = {isa = PBXFileReference; explicitFileType = wrapper.cfbundle; includeInIndex = 0; path = "Tests macOS.xctest"; sourceTree = BUILT_PRODUCTS_DIR; };
		8E541051277EB46D0034947D /* Tests_macOS.swift */ = {isa = PBXFileReference; lastKnownFileType = sourcecode.swift; path = Tests_macOS.swift; sourceTree = "<group>"; };
		8E541053277EB46D0034947D /* Info.plist */ = {isa = PBXFileReference; lastKnownFileType = text.plist.xml; path = Info.plist; sourceTree = "<group>"; };
		8E541116277EC28A0034947D /* charleyrivers.jpg */ = {isa = PBXFileReference; lastKnownFileType = image.jpeg; path = charleyrivers.jpg; sourceTree = "<group>"; };
		8E541117277EC28A0034947D /* turtlerock.jpg */ = {isa = PBXFileReference; lastKnownFileType = image.jpeg; path = turtlerock.jpg; sourceTree = "<group>"; };
		8E541118277EC28A0034947D /* silversalmoncreek.jpg */ = {isa = PBXFileReference; lastKnownFileType = image.jpeg; path = silversalmoncreek.jpg; sourceTree = "<group>"; };
		8E541119277EC28A0034947D /* hikeData.json */ = {isa = PBXFileReference; fileEncoding = 4; lastKnownFileType = text.json; path = hikeData.json; sourceTree = "<group>"; };
		8E54111A277EC28A0034947D /* icybay.jpg */ = {isa = PBXFileReference; lastKnownFileType = image.jpeg; path = icybay.jpg; sourceTree = "<group>"; };
		8E54111B277EC28A0034947D /* lakemcdonald.jpg */ = {isa = PBXFileReference; lastKnownFileType = image.jpeg; path = lakemcdonald.jpg; sourceTree = "<group>"; };
		8E54111C277EC28A0034947D /* hiddenlake.jpg */ = {isa = PBXFileReference; lastKnownFileType = image.jpeg; path = hiddenlake.jpg; sourceTree = "<group>"; };
		8E54111D277EC28A0034947D /* twinlake.jpg */ = {isa = PBXFileReference; lastKnownFileType = image.jpeg; path = twinlake.jpg; sourceTree = "<group>"; };
		8E54111E277EC28A0034947D /* umbagog.jpg */ = {isa = PBXFileReference; lastKnownFileType = image.jpeg; path = umbagog.jpg; sourceTree = "<group>"; };
		8E54111F277EC28A0034947D /* landmarkData.json */ = {isa = PBXFileReference; fileEncoding = 4; lastKnownFileType = text.json; path = landmarkData.json; sourceTree = "<group>"; };
		8E541120277EC28A0034947D /* chincoteague.jpg */ = {isa = PBXFileReference; lastKnownFileType = image.jpeg; path = chincoteague.jpg; sourceTree = "<group>"; };
		8E541121277EC28A0034947D /* stmarylake.jpg */ = {isa = PBXFileReference; lastKnownFileType = image.jpeg; path = stmarylake.jpg; sourceTree = "<group>"; };
		8E541122277EC28A0034947D /* chilkoottrail.jpg */ = {isa = PBXFileReference; lastKnownFileType = image.jpeg; path = chilkoottrail.jpg; sourceTree = "<group>"; };
		8E541123277EC28A0034947D /* rainbowlake.jpg */ = {isa = PBXFileReference; lastKnownFileType = image.jpeg; path = rainbowlake.jpg; sourceTree = "<group>"; };
		8E541132277EC2F50034947D /* CircleImage.swift */ = {isa = PBXFileReference; lastKnownFileType = sourcecode.swift; path = CircleImage.swift; sourceTree = "<group>"; };
		8E541135277EC70A0034947D /* MapView.swift */ = {isa = PBXFileReference; lastKnownFileType = sourcecode.swift; path = MapView.swift; sourceTree = "<group>"; };
/* End PBXFileReference section */

/* Begin PBXFrameworksBuildPhase section */
		8E54102F277EB46D0034947D /* Frameworks */ = {
			isa = PBXFrameworksBuildPhase;
			buildActionMask = 2147483647;
			files = (
			);
			runOnlyForDeploymentPostprocessing = 0;
		};
		8E541037277EB46D0034947D /* Frameworks */ = {
			isa = PBXFrameworksBuildPhase;
			buildActionMask = 2147483647;
			files = (
			);
			runOnlyForDeploymentPostprocessing = 0;
		};
		8E54103F277EB46D0034947D /* Frameworks */ = {
			isa = PBXFrameworksBuildPhase;
			buildActionMask = 2147483647;
			files = (
			);
			runOnlyForDeploymentPostprocessing = 0;
		};
		8E54104A277EB46D0034947D /* Frameworks */ = {
			isa = PBXFrameworksBuildPhase;
			buildActionMask = 2147483647;
			files = (
			);
			runOnlyForDeploymentPostprocessing = 0;
		};
/* End PBXFrameworksBuildPhase section */

/* Begin PBXGroup section */
		8E541025277EB46C0034947D = {
			isa = PBXGroup;
			children = (
				8E541115277EC28A0034947D /* Resources */,
				8E54102A277EB46C0034947D /* Shared */,
				8E541034277EB46D0034947D /* iOS */,
				8E54103B277EB46D0034947D /* macOS */,
				8E541045277EB46D0034947D /* Tests iOS */,
				8E541050277EB46D0034947D /* Tests macOS */,
				8E541033277EB46D0034947D /* Products */,
			);
			sourceTree = "<group>";
		};
		8E54102A277EB46C0034947D /* Shared */ = {
			isa = PBXGroup;
			children = (
				8E54102B277EB46C0034947D /* LandmarksApp.swift */,
				8E54102C277EB46C0034947D /* ContentView.swift */,
				8E54102D277EB46D0034947D /* Assets.xcassets */,
				8E541132277EC2F50034947D /* CircleImage.swift */,
				8E541135277EC70A0034947D /* MapView.swift */,
			);
			path = Shared;
			sourceTree = "<group>";
		};
		8E541033277EB46D0034947D /* Products */ = {
			isa = PBXGroup;
			children = (
				8E541032277EB46D0034947D /* Landmarks.app */,
				8E54103A277EB46D0034947D /* Landmarks.app */,
				8E541042277EB46D0034947D /* Tests iOS.xctest */,
				8E54104D277EB46D0034947D /* Tests macOS.xctest */,
			);
			name = Products;
			sourceTree = "<group>";
		};
		8E541034277EB46D0034947D /* iOS */ = {
			isa = PBXGroup;
			children = (
				8E541035277EB46D0034947D /* Info.plist */,
			);
			path = iOS;
			sourceTree = "<group>";
		};
		8E54103B277EB46D0034947D /* macOS */ = {
			isa = PBXGroup;
			children = (
				8E54103C277EB46D0034947D /* Info.plist */,
				8E54103D277EB46D0034947D /* macOS.entitlements */,
			);
			path = macOS;
			sourceTree = "<group>";
		};
		8E541045277EB46D0034947D /* Tests iOS */ = {
			isa = PBXGroup;
			children = (
				8E541046277EB46D0034947D /* Tests_iOS.swift */,
				8E541048277EB46D0034947D /* Info.plist */,
			);
			path = "Tests iOS";
			sourceTree = "<group>";
		};
		8E541050277EB46D0034947D /* Tests macOS */ = {
			isa = PBXGroup;
			children = (
				8E541051277EB46D0034947D /* Tests_macOS.swift */,
				8E541053277EB46D0034947D /* Info.plist */,
			);
			path = "Tests macOS";
			sourceTree = "<group>";
		};
		8E541115277EC28A0034947D /* Resources */ = {
			isa = PBXGroup;
			children = (
				8E541116277EC28A0034947D /* charleyrivers.jpg */,
				8E541117277EC28A0034947D /* turtlerock.jpg */,
				8E541118277EC28A0034947D /* silversalmoncreek.jpg */,
				8E541119277EC28A0034947D /* hikeData.json */,
				8E54111A277EC28A0034947D /* icybay.jpg */,
				8E54111B277EC28A0034947D /* lakemcdonald.jpg */,
				8E54111C277EC28A0034947D /* hiddenlake.jpg */,
				8E54111D277EC28A0034947D /* twinlake.jpg */,
				8E54111E277EC28A0034947D /* umbagog.jpg */,
				8E54111F277EC28A0034947D /* landmarkData.json */,
				8E541120277EC28A0034947D /* chincoteague.jpg */,
				8E541121277EC28A0034947D /* stmarylake.jpg */,
				8E541122277EC28A0034947D /* chilkoottrail.jpg */,
				8E541123277EC28A0034947D /* rainbowlake.jpg */,
			);
			name = Resources;
			path = ../../Downloads/Resources;
			sourceTree = "<group>";
		};
/* End PBXGroup section */

/* Begin PBXNativeTarget section */
		8E541031277EB46D0034947D /* Landmarks (iOS) */ = {
			isa = PBXNativeTarget;
			buildConfigurationList = 8E54105C277EB46D0034947D /* Build configuration list for PBXNativeTarget "Landmarks (iOS)" */;
			buildPhases = (
				8E54102E277EB46D0034947D /* Sources */,
				8E54102F277EB46D0034947D /* Frameworks */,
				8E541030277EB46D0034947D /* Resources */,
			);
			buildRules = (
			);
			dependencies = (
			);
			name = "Landmarks (iOS)";
			productName = "Landmarks (iOS)";
			productReference = 8E541032277EB46D0034947D /* Landmarks.app */;
			productType = "com.apple.product-type.application";
		};
		8E541039277EB46D0034947D /* Landmarks (macOS) */ = {
			isa = PBXNativeTarget;
			buildConfigurationList = 8E54105F277EB46D0034947D /* Build configuration list for PBXNativeTarget "Landmarks (macOS)" */;
			buildPhases = (
				8E541036277EB46D0034947D /* Sources */,
				8E541037277EB46D0034947D /* Frameworks */,
				8E541038277EB46D0034947D /* Resources */,
			);
			buildRules = (
			);
			dependencies = (
			);
			name = "Landmarks (macOS)";
			productName = "Landmarks (macOS)";
			productReference = 8E54103A277EB46D0034947D /* Landmarks.app */;
			productType = "com.apple.product-type.application";
		};
		8E541041277EB46D0034947D /* Tests iOS */ = {
			isa = PBXNativeTarget;
			buildConfigurationList = 8E541062277EB46D0034947D /* Build configuration list for PBXNativeTarget "Tests iOS" */;
			buildPhases = (
				8E54103E277EB46D0034947D /* Sources */,
				8E54103F277EB46D0034947D /* Frameworks */,
				8E541040277EB46D0034947D /* Resources */,
			);
			buildRules = (
			);
			dependencies = (
				8E541044277EB46D0034947D /* PBXTargetDependency */,
			);
			name = "Tests iOS";
			productName = "Tests iOS";
			productReference = 8E541042277EB46D0034947D /* Tests iOS.xctest */;
			productType = "com.apple.product-type.bundle.ui-testing";
		};
		8E54104C277EB46D0034947D /* Tests macOS */ = {
			isa = PBXNativeTarget;
			buildConfigurationList = 8E541065277EB46D0034947D /* Build configuration list for PBXNativeTarget "Tests macOS" */;
			buildPhases = (
				8E541049277EB46D0034947D /* Sources */,
				8E54104A277EB46D0034947D /* Frameworks */,
				8E54104B277EB46D0034947D /* Resources */,
			);
			buildRules = (
			);
			dependencies = (
				8E54104F277EB46D0034947D /* PBXTargetDependency */,
			);
			name = "Tests macOS";
			productName = "Tests macOS";
			productReference = 8E54104D277EB46D0034947D /* Tests macOS.xctest */;
			productType = "com.apple.product-type.bundle.ui-testing";
		};
/* End PBXNativeTarget section */

/* Begin PBXProject section */
		8E541026277EB46C0034947D /* Project object */ = {
			isa = PBXProject;
			attributes = {
				LastSwiftUpdateCheck = 1250;
				LastUpgradeCheck = 1250;
				TargetAttributes = {
					8E541031277EB46D0034947D = {
						CreatedOnToolsVersion = 12.5.1;
					};
					8E541039277EB46D0034947D = {
						CreatedOnToolsVersion = 12.5.1;
					};
					8E541041277EB46D0034947D = {
						CreatedOnToolsVersion = 12.5.1;
						TestTargetID = 8E541031277EB46D0034947D;
					};
					8E54104C277EB46D0034947D = {
						CreatedOnToolsVersion = 12.5.1;
						TestTargetID = 8E541039277EB46D0034947D;
					};
				};
			};
			buildConfigurationList = 8E541029277EB46C0034947D /* Build configuration list for PBXProject "Landmarks" */;
			compatibilityVersion = "Xcode 9.3";
			developmentRegion = en;
			hasScannedForEncodings = 0;
			knownRegions = (
				en,
				Base,
			);
			mainGroup = 8E541025277EB46C0034947D;
			productRefGroup = 8E541033277EB46D0034947D /* Products */;
			projectDirPath = "";
			projectRoot = "";
			targets = (
				8E541031277EB46D0034947D /* Landmarks (iOS) */,
				8E541039277EB46D0034947D /* Landmarks (macOS) */,
				8E541041277EB46D0034947D /* Tests iOS */,
				8E54104C277EB46D0034947D /* Tests macOS */,
			);
		};
/* End PBXProject section */

/* Begin PBXResourcesBuildPhase section */
		8E541030277EB46D0034947D /* Resources */ = {
			isa = PBXResourcesBuildPhase;
			buildActionMask = 2147483647;
			files = (
				8E541129277EC28A0034947D /* lakemcdonald.jpg in Resources */,
				8E541131277EC28A0034947D /* rainbowlake.jpg in Resources */,
				8E541058277EB46D0034947D /* Assets.xcassets in Resources */,
				8E54112D277EC28A0034947D /* landmarkData.json in Resources */,
				8E54112F277EC28A0034947D /* stmarylake.jpg in Resources */,
				8E541126277EC28A0034947D /* silversalmoncreek.jpg in Resources */,
				8E541124277EC28A0034947D /* charleyrivers.jpg in Resources */,
				8E54112C277EC28A0034947D /* umbagog.jpg in Resources */,
				8E54112E277EC28A0034947D /* chincoteague.jpg in Resources */,
				8E541125277EC28A0034947D /* turtlerock.jpg in Resources */,
				8E541130277EC28A0034947D /* chilkoottrail.jpg in Resources */,
				8E541128277EC28A0034947D /* icybay.jpg in Resources */,
				8E54112B277EC28A0034947D /* twinlake.jpg in Resources */,
				8E54112A277EC28A0034947D /* hiddenlake.jpg in Resources */,
				8E541127277EC28A0034947D /* hikeData.json in Resources */,
			);
			runOnlyForDeploymentPostprocessing = 0;
		};
		8E541038277EB46D0034947D /* Resources */ = {
			isa = PBXResourcesBuildPhase;
			buildActionMask = 2147483647;
			files = (
				8E541059277EB46D0034947D /* Assets.xcassets in Resources */,
			);
			runOnlyForDeploymentPostprocessing = 0;
		};
		8E541040277EB46D0034947D /* Resources */ = {
			isa = PBXResourcesBuildPhase;
			buildActionMask = 2147483647;
			files = (
			);
			runOnlyForDeploymentPostprocessing = 0;
		};
		8E54104B277EB46D0034947D /* Resources */ = {
			isa = PBXResourcesBuildPhase;
			buildActionMask = 2147483647;
			files = (
			);
			runOnlyForDeploymentPostprocessing = 0;
		};
/* End PBXResourcesBuildPhase section */

/* Begin PBXSourcesBuildPhase section */
		8E54102E277EB46D0034947D /* Sources */ = {
			isa = PBXSourcesBuildPhase;
			buildActionMask = 2147483647;
			files = (
				8E541056277EB46D0034947D /* ContentView.swift in Sources */,
				8E541136277EC70A0034947D /* MapView.swift in Sources */,
				8E541054277EB46D0034947D /* LandmarksApp.swift in Sources */,
				8E541133277EC2F50034947D /* CircleImage.swift in Sources */,
			);
			runOnlyForDeploymentPostprocessing = 0;
		};
		8E541036277EB46D0034947D /* Sources */ = {
			isa = PBXSourcesBuildPhase;
			buildActionMask = 2147483647;
			files = (
				8E541057277EB46D0034947D /* ContentView.swift in Sources */,
				8E541137277EC70A0034947D /* MapView.swift in Sources */,
				8E541055277EB46D0034947D /* LandmarksApp.swift in Sources */,
				8E541134277EC6030034947D /* CircleImage.swift in Sources */,
			);
			runOnlyForDeploymentPostprocessing = 0;
		};
		8E54103E277EB46D0034947D /* Sources */ = {
			isa = PBXSourcesBuildPhase;
			buildActionMask = 2147483647;
			files = (
				8E541047277EB46D0034947D /* Tests_iOS.swift in Sources */,
			);
			runOnlyForDeploymentPostprocessing = 0;
		};
		8E541049277EB46D0034947D /* Sources */ = {
			isa = PBXSourcesBuildPhase;
			buildActionMask = 2147483647;
			files = (
				8E541052277EB46D0034947D /* Tests_macOS.swift in Sources */,
			);
			runOnlyForDeploymentPostprocessing = 0;
		};
/* End PBXSourcesBuildPhase section */

/* Begin PBXTargetDependency section */
		8E541044277EB46D0034947D /* PBXTargetDependency */ = {
			isa = PBXTargetDependency;
			target = 8E541031277EB46D0034947D /* Landmarks (iOS) */;
			targetProxy = 8E541043277EB46D0034947D /* PBXContainerItemProxy */;
		};
		8E54104F277EB46D0034947D /* PBXTargetDependency */ = {
			isa = PBXTargetDependency;
			target = 8E541039277EB46D0034947D /* Landmarks (macOS) */;
			targetProxy = 8E54104E277EB46D0034947D /* PBXContainerItemProxy */;
		};
/* End PBXTargetDependency section */

/* Begin XCBuildConfiguration section */
		8E54105A277EB46D0034947D /* Debug */ = {
			isa = XCBuildConfiguration;
			buildSettings = {
				ALWAYS_SEARCH_USER_PATHS = NO;
				CLANG_ANALYZER_NONNULL = YES;
				CLANG_ANALYZER_NUMBER_OBJECT_CONVERSION = YES_AGGRESSIVE;
				CLANG_CXX_LANGUAGE_STANDARD = "gnu++14";
				CLANG_CXX_LIBRARY = "libc++";
				CLANG_ENABLE_MODULES = YES;
				CLANG_ENABLE_OBJC_ARC = YES;
				CLANG_ENABLE_OBJC_WEAK = YES;
				CLANG_WARN_BLOCK_CAPTURE_AUTORELEASING = YES;
				CLANG_WARN_BOOL_CONVERSION = YES;
				CLANG_WARN_COMMA = YES;
				CLANG_WARN_CONSTANT_CONVERSION = YES;
				CLANG_WARN_DEPRECATED_OBJC_IMPLEMENTATIONS = YES;
				CLANG_WARN_DIRECT_OBJC_ISA_USAGE = YES_ERROR;
				CLANG_WARN_DOCUMENTATION_COMMENTS = YES;
				CLANG_WARN_EMPTY_BODY = YES;
				CLANG_WARN_ENUM_CONVERSION = YES;
				CLANG_WARN_INFINITE_RECURSION = YES;
				CLANG_WARN_INT_CONVERSION = YES;
				CLANG_WARN_NON_LITERAL_NULL_CONVERSION = YES;
				CLANG_WARN_OBJC_IMPLICIT_RETAIN_SELF = YES;
				CLANG_WARN_OBJC_LITERAL_CONVERSION = YES;
				CLANG_WARN_OBJC_ROOT_CLASS = YES_ERROR;
				CLANG_WARN_QUOTED_INCLUDE_IN_FRAMEWORK_HEADER = YES;
				CLANG_WARN_RANGE_LOOP_ANALYSIS = YES;
				CLANG_WARN_STRICT_PROTOTYPES = YES;
				CLANG_WARN_SUSPICIOUS_MOVE = YES;
				CLANG_WARN_UNGUARDED_AVAILABILITY = YES_AGGRESSIVE;
				CLANG_WARN_UNREACHABLE_CODE = YES;
				CLANG_WARN__DUPLICATE_METHOD_MATCH = YES;
				COPY_PHASE_STRIP = NO;
				DEBUG_INFORMATION_FORMAT = dwarf;
				ENABLE_STRICT_OBJC_MSGSEND = YES;
				ENABLE_TESTABILITY = YES;
				GCC_C_LANGUAGE_STANDARD = gnu11;
				GCC_DYNAMIC_NO_PIC = NO;
				GCC_NO_COMMON_BLOCKS = YES;
				GCC_OPTIMIZATION_LEVEL = 0;
				GCC_PREPROCESSOR_DEFINITIONS = (
					"DEBUG=1",
					"$(inherited)",
				);
				GCC_WARN_64_TO_32_BIT_CONVERSION = YES;
				GCC_WARN_ABOUT_RETURN_TYPE = YES_ERROR;
				GCC_WARN_UNDECLARED_SELECTOR = YES;
				GCC_WARN_UNINITIALIZED_AUTOS = YES_AGGRESSIVE;
				GCC_WARN_UNUSED_FUNCTION = YES;
				GCC_WARN_UNUSED_VARIABLE = YES;
				MTL_ENABLE_DEBUG_INFO = INCLUDE_SOURCE;
				MTL_FAST_MATH = YES;
				ONLY_ACTIVE_ARCH = YES;
				SWIFT_ACTIVE_COMPILATION_CONDITIONS = DEBUG;
				SWIFT_OPTIMIZATION_LEVEL = "-Onone";
			};
			name = Debug;
		};
		8E54105B277EB46D0034947D /* Release */ = {
			isa = XCBuildConfiguration;
			buildSettings = {
				ALWAYS_SEARCH_USER_PATHS = NO;
				CLANG_ANALYZER_NONNULL = YES;
				CLANG_ANALYZER_NUMBER_OBJECT_CONVERSION = YES_AGGRESSIVE;
				CLANG_CXX_LANGUAGE_STANDARD = "gnu++14";
				CLANG_CXX_LIBRARY = "libc++";
				CLANG_ENABLE_MODULES = YES;
				CLANG_ENABLE_OBJC_ARC = YES;
				CLANG_ENABLE_OBJC_WEAK = YES;
				CLANG_WARN_BLOCK_CAPTURE_AUTORELEASING = YES;
				CLANG_WARN_BOOL_CONVERSION = YES;
				CLANG_WARN_COMMA = YES;
				CLANG_WARN_CONSTANT_CONVERSION = YES;
				CLANG_WARN_DEPRECATED_OBJC_IMPLEMENTATIONS = YES;
				CLANG_WARN_DIRECT_OBJC_ISA_USAGE = YES_ERROR;
				CLANG_WARN_DOCUMENTATION_COMMENTS = YES;
				CLANG_WARN_EMPTY_BODY = YES;
				CLANG_WARN_ENUM_CONVERSION = YES;
				CLANG_WARN_INFINITE_RECURSION = YES;
				CLANG_WARN_INT_CONVERSION = YES;
				CLANG_WARN_NON_LITERAL_NULL_CONVERSION = YES;
				CLANG_WARN_OBJC_IMPLICIT_RETAIN_SELF = YES;
				CLANG_WARN_OBJC_LITERAL_CONVERSION = YES;
				CLANG_WARN_OBJC_ROOT_CLASS = YES_ERROR;
				CLANG_WARN_QUOTED_INCLUDE_IN_FRAMEWORK_HEADER = YES;
				CLANG_WARN_RANGE_LOOP_ANALYSIS = YES;
				CLANG_WARN_STRICT_PROTOTYPES = YES;
				CLANG_WARN_SUSPICIOUS_MOVE = YES;
				CLANG_WARN_UNGUARDED_AVAILABILITY = YES_AGGRESSIVE;
				CLANG_WARN_UNREACHABLE_CODE = YES;
				CLANG_WARN__DUPLICATE_METHOD_MATCH = YES;
				COPY_PHASE_STRIP = NO;
				DEBUG_INFORMATION_FORMAT = "dwarf-with-dsym";
				ENABLE_NS_ASSERTIONS = NO;
				ENABLE_STRICT_OBJC_MSGSEND = YES;
				GCC_C_LANGUAGE_STANDARD = gnu11;
				GCC_NO_COMMON_BLOCKS = YES;
				GCC_WARN_64_TO_32_BIT_CONVERSION = YES;
				GCC_WARN_ABOUT_RETURN_TYPE = YES_ERROR;
				GCC_WARN_UNDECLARED_SELECTOR = YES;
				GCC_WARN_UNINITIALIZED_AUTOS = YES_AGGRESSIVE;
				GCC_WARN_UNUSED_FUNCTION = YES;
				GCC_WARN_UNUSED_VARIABLE = YES;
				MTL_ENABLE_DEBUG_INFO = NO;
				MTL_FAST_MATH = YES;
				SWIFT_COMPILATION_MODE = wholemodule;
				SWIFT_OPTIMIZATION_LEVEL = "-O";
			};
			name = Release;
		};
		8E54105D277EB46D0034947D /* Debug */ = {
			isa = XCBuildConfiguration;
			buildSettings = {
				ASSETCATALOG_COMPILER_APPICON_NAME = AppIcon;
				ASSETCATALOG_COMPILER_GLOBAL_ACCENT_COLOR_NAME = AccentColor;
				CODE_SIGN_STYLE = Automatic;
				DEVELOPMENT_TEAM = 3KPCSY2D95;
				ENABLE_PREVIEWS = YES;
				INFOPLIST_FILE = iOS/Info.plist;
				IPHONEOS_DEPLOYMENT_TARGET = 14.0;
				LD_RUNPATH_SEARCH_PATHS = (
					"$(inherited)",
					"@executable_path/Frameworks",
				);
				PRODUCT_BUNDLE_IDENTIFIER = marokanatani.Landmarks;
				PRODUCT_NAME = Landmarks;
				SDKROOT = iphoneos;
				SWIFT_VERSION = 5.0;
				TARGETED_DEVICE_FAMILY = "1,2";
			};
			name = Debug;
		};
		8E54105E277EB46D0034947D /* Release */ = {
			isa = XCBuildConfiguration;
			buildSettings = {
				ASSETCATALOG_COMPILER_APPICON_NAME = AppIcon;
				ASSETCATALOG_COMPILER_GLOBAL_ACCENT_COLOR_NAME = AccentColor;
				CODE_SIGN_STYLE = Automatic;
				DEVELOPMENT_TEAM = 3KPCSY2D95;
				ENABLE_PREVIEWS = YES;
				INFOPLIST_FILE = iOS/Info.plist;
				IPHONEOS_DEPLOYMENT_TARGET = 14.0;
				LD_RUNPATH_SEARCH_PATHS = (
					"$(inherited)",
					"@executable_path/Frameworks",
				);
				PRODUCT_BUNDLE_IDENTIFIER = marokanatani.Landmarks;
				PRODUCT_NAME = Landmarks;
				SDKROOT = iphoneos;
				SWIFT_VERSION = 5.0;
				TARGETED_DEVICE_FAMILY = "1,2";
				VALIDATE_PRODUCT = YES;
			};
			name = Release;
		};
		8E541060277EB46D0034947D /* Debug */ = {
			isa = XCBuildConfiguration;
			buildSettings = {
				ASSETCATALOG_COMPILER_APPICON_NAME = AppIcon;
				ASSETCATALOG_COMPILER_GLOBAL_ACCENT_COLOR_NAME = AccentColor;
				CODE_SIGN_ENTITLEMENTS = macOS/macOS.entitlements;
				CODE_SIGN_STYLE = Automatic;
				COMBINE_HIDPI_IMAGES = YES;
				DEVELOPMENT_TEAM = 3KPCSY2D95;
				ENABLE_HARDENED_RUNTIME = YES;
				ENABLE_PREVIEWS = YES;
				INFOPLIST_FILE = macOS/Info.plist;
				LD_RUNPATH_SEARCH_PATHS = (
					"$(inherited)",
					"@executable_path/../Frameworks",
				);
				MACOSX_DEPLOYMENT_TARGET = 11.0;
				PRODUCT_BUNDLE_IDENTIFIER = marokanatani.Landmarks;
				PRODUCT_NAME = Landmarks;
				SDKROOT = macosx;
				SWIFT_VERSION = 5.0;
			};
			name = Debug;
		};
		8E541061277EB46D0034947D /* Release */ = {
			isa = XCBuildConfiguration;
			buildSettings = {
				ASSETCATALOG_COMPILER_APPICON_NAME = AppIcon;
				ASSETCATALOG_COMPILER_GLOBAL_ACCENT_COLOR_NAME = AccentColor;
				CODE_SIGN_ENTITLEMENTS = macOS/macOS.entitlements;
				CODE_SIGN_STYLE = Automatic;
				COMBINE_HIDPI_IMAGES = YES;
				DEVELOPMENT_TEAM = 3KPCSY2D95;
				ENABLE_HARDENED_RUNTIME = YES;
				ENABLE_PREVIEWS = YES;
				INFOPLIST_FILE = macOS/Info.plist;
				LD_RUNPATH_SEARCH_PATHS = (
					"$(inherited)",
					"@executable_path/../Frameworks",
				);
				MACOSX_DEPLOYMENT_TARGET = 11.0;
				PRODUCT_BUNDLE_IDENTIFIER = marokanatani.Landmarks;
				PRODUCT_NAME = Landmarks;
				SDKROOT = macosx;
				SWIFT_VERSION = 5.0;
			};
			name = Release;
		};
		8E541063277EB46D0034947D /* Debug */ = {
			isa = XCBuildConfiguration;
			buildSettings = {
				ALWAYS_EMBED_SWIFT_STANDARD_LIBRARIES = YES;
				CODE_SIGN_STYLE = Automatic;
				DEVELOPMENT_TEAM = 3KPCSY2D95;
				INFOPLIST_FILE = "Tests iOS/Info.plist";
				IPHONEOS_DEPLOYMENT_TARGET = 14.5;
				LD_RUNPATH_SEARCH_PATHS = (
					"$(inherited)",
					"@executable_path/Frameworks",
					"@loader_path/Frameworks",
				);
				PRODUCT_BUNDLE_IDENTIFIER = "marokanatani.Tests-iOS";
				PRODUCT_NAME = "$(TARGET_NAME)";
				SDKROOT = iphoneos;
				SWIFT_VERSION = 5.0;
				TARGETED_DEVICE_FAMILY = "1,2";
				TEST_TARGET_NAME = "Landmarks (iOS)";
			};
			name = Debug;
		};
		8E541064277EB46D0034947D /* Release */ = {
			isa = XCBuildConfiguration;
			buildSettings = {
				ALWAYS_EMBED_SWIFT_STANDARD_LIBRARIES = YES;
				CODE_SIGN_STYLE = Automatic;
				DEVELOPMENT_TEAM = 3KPCSY2D95;
				INFOPLIST_FILE = "Tests iOS/Info.plist";
				IPHONEOS_DEPLOYMENT_TARGET = 14.5;
				LD_RUNPATH_SEARCH_PATHS = (
					"$(inherited)",
					"@executable_path/Frameworks",
					"@loader_path/Frameworks",
				);
				PRODUCT_BUNDLE_IDENTIFIER = "marokanatani.Tests-iOS";
				PRODUCT_NAME = "$(TARGET_NAME)";
				SDKROOT = iphoneos;
				SWIFT_VERSION = 5.0;
				TARGETED_DEVICE_FAMILY = "1,2";
				TEST_TARGET_NAME = "Landmarks (iOS)";
				VALIDATE_PRODUCT = YES;
			};
			name = Release;
		};
		8E541066277EB46D0034947D /* Debug */ = {
			isa = XCBuildConfiguration;
			buildSettings = {
				ALWAYS_EMBED_SWIFT_STANDARD_LIBRARIES = YES;
				CODE_SIGN_STYLE = Automatic;
				COMBINE_HIDPI_IMAGES = YES;
				DEVELOPMENT_TEAM = 3KPCSY2D95;
				INFOPLIST_FILE = "Tests macOS/Info.plist";
				LD_RUNPATH_SEARCH_PATHS = (
					"$(inherited)",
					"@executable_path/../Frameworks",
					"@loader_path/../Frameworks",
				);
				MACOSX_DEPLOYMENT_TARGET = 11.2;
				PRODUCT_BUNDLE_IDENTIFIER = "marokanatani.Tests-macOS";
				PRODUCT_NAME = "$(TARGET_NAME)";
				SDKROOT = macosx;
				SWIFT_VERSION = 5.0;
				TEST_TARGET_NAME = "Landmarks (macOS)";
			};
			name = Debug;
		};
		8E541067277EB46D0034947D /* Release */ = {
			isa = XCBuildConfiguration;
			buildSettings = {
				ALWAYS_EMBED_SWIFT_STANDARD_LIBRARIES = YES;
				CODE_SIGN_STYLE = Automatic;
				COMBINE_HIDPI_IMAGES = YES;
				DEVELOPMENT_TEAM = 3KPCSY2D95;
				INFOPLIST_FILE = "Tests macOS/Info.plist";
				LD_RUNPATH_SEARCH_PATHS = (
					"$(inherited)",
					"@executable_path/../Frameworks",
					"@loader_path/../Frameworks",
				);
				MACOSX_DEPLOYMENT_TARGET = 11.2;
				PRODUCT_BUNDLE_IDENTIFIER = "marokanatani.Tests-macOS";
				PRODUCT_NAME = "$(TARGET_NAME)";
				SDKROOT = macosx;
				SWIFT_VERSION = 5.0;
				TEST_TARGET_NAME = "Landmarks (macOS)";
			};
			name = Release;
		};
/* End XCBuildConfiguration section */

/* Begin XCConfigurationList section */
		8E541029277EB46C0034947D /* Build configuration list for PBXProject "Landmarks" */ = {
			isa = XCConfigurationList;
			buildConfigurations = (
				8E54105A277EB46D0034947D /* Debug */,
				8E54105B277EB46D0034947D /* Release */,
			);
			defaultConfigurationIsVisible = 0;
			defaultConfigurationName = Release;
		};
		8E54105C277EB46D0034947D /* Build configuration list for PBXNativeTarget "Landmarks (iOS)" */ = {
			isa = XCConfigurationList;
			buildConfigurations = (
				8E54105D277EB46D0034947D /* Debug */,
				8E54105E277EB46D0034947D /* Release */,
			);
			defaultConfigurationIsVisible = 0;
			defaultConfigurationName = Release;
		};
		8E54105F277EB46D0034947D /* Build configuration list for PBXNativeTarget "Landmarks (macOS)" */ = {
			isa = XCConfigurationList;
			buildConfigurations = (
				8E541060277EB46D0034947D /* Debug */,
				8E541061277EB46D0034947D /* Release */,
			);
			defaultConfigurationIsVisible = 0;
			defaultConfigurationName = Release;
		};
		8E541062277EB46D0034947D /* Build configuration list for PBXNativeTarget "Tests iOS" */ = {
			isa = XCConfigurationList;
			buildConfigurations = (
				8E541063277EB46D0034947D /* Debug */,
				8E541064277EB46D0034947D /* Release */,
			);
			defaultConfigurationIsVisible = 0;
			defaultConfigurationName = Release;
		};
		8E541065277EB46D0034947D /* Build configuration list for PBXNativeTarget "Tests macOS" */ = {
			isa = XCConfigurationList;
			buildConfigurations = (
				8E541066277EB46D0034947D /* Debug */,
				8E541067277EB46D0034947D /* Release */,
			);
			defaultConfigurationIsVisible = 0;
			defaultConfigurationName = Release;
		};
/* End XCConfigurationList section */
	};
	rootObject = 8E541026277EB46C0034947D /* Project object */;
}
